# THIS IS AN AUTOGENERATED FILE. DO NOT EDIT THIS FILE DIRECTLY.
# yarn lockfile v1


"@tensorflow-models/body-pix@^2.0.5":
  version "2.0.5"
  resolved "https://registry.yarnpkg.com/@tensorflow-models/body-pix/-/body-pix-2.0.5.tgz#c9d0b55c3093a3ccebc05948ba057dd7bf9cbc53"
  integrity sha512-zEke/JjGajqZ00b1X4KVq2yevSfl6HxysDnM8WLHVARrbTbCo3RliZZ0m+AuM/q+UASgmzpiyrEXQYUmmy+H3g==
